PODS:
  - FBSnapshotTestCase (2.1.4):
    - FBSnapshotTestCase/SwiftSupport (= 2.1.4)
  - FBSnapshotTestCase/Core (2.1.4)
  - FBSnapshotTestCase/SwiftSupport (2.1.4):
    - FBSnapshotTestCase/Core
  - IIEventCalendar (0.1.0):
    - JTAppleCalendar (~> 8.0.0)
  - JTAppleCalendar (8.0.3)
  - Nimble (7.3.4)
  - Nimble-Snapshots (6.3.0):
    - Nimble-Snapshots/Core (= 6.3.0)
  - Nimble-Snapshots/Core (6.3.0):
    - FBSnapshotTestCase (~> 2.0)
    - Nimble (~> 7.0)
  - Quick (1.2.0)
  - SwiftLint (0.39.2)

DEPENDENCIES:
  - FBSnapshotTestCase (~> 2.1.4)
  - IIEventCalendar (from `../`)
  - JTAppleCalendar (~> 8.0.3)
  - Nimble (~> 7.0)
  - Nimble-Snapshots (~> 6.3.0)
  - Quick (~> 1.2.0)
  - SwiftLint

SPEC REPOS:
  trunk:
    - FBSnapshotTestCase
    - JTAppleCalendar
    - Nimble
    - Nimble-Snapshots
    - Quick
    - SwiftLint

EXTERNAL SOURCES:
  IIEventCalendar:
    :path: "../"

SPEC CHECKSUMS:
  FBSnapshotTestCase: 094f9f314decbabe373b87cc339bea235a63e07a
  IIEventCalendar: 2e3e3f26bd9fb884e435358ed32a331168cbe9f7
  JTAppleCalendar: 932cadea40b1051beab10f67843451d48ba16c99
  Nimble: 051e3d8912d40138fa5591c78594f95fb172af37
  Nimble-Snapshots: f5459b5b091678dc942d03ec4741cacb58ba4a52
  Quick: 58d203b1c5e27fff7229c4c1ae445ad7069a7a08
  SwiftLint: 22ccbbe3b8008684be5955693bab135e0ed6a447

PODFILE CHECKSUM: 2c8f506b4d0a3d07ec80bbdcf7c64d826045009d

COCOAPODS: 1.9.3
